{
  "requires": true,
  "lockfileVersion": 1,
  "dependencies": {
    "everscale-inpage-provider": {
      "version": "0.3.45",
      "resolved": "https://registry.npmjs.org/everscale-inpage-provider/-/everscale-inpage-provider-0.3.45.tgz",
      "integrity": "sha512-e28/9AyAOtpyz9xHa2eRJsPUNvM5jD/BVA8+GYk8bnLENczkbtZEf9Rp4m+1XTZblJedbY0Al8cMZV5IiKGa4g=="
    }
  }
}
